
Microsoft Visual Studio Solution File, Format Version 12.00
# Visual Studio 15
VisualStudioVersion = 15.0.28307.421
MinimumVisualStudioVersion = 10.0.40219.1
Project("{FAE04EC0-301F-11D3-BF4B-00C04F79EFBC}") = "OrcCave", "OrcCave\OrcCave.csproj", "{739B6C98-722F-4158-A8AA-85C15FA70EB8}"
EndProject
Project("{FAE04EC0-301F-11D3-BF4B-00C04F79EFBC}") = "OrcCaveCore", "OrcCaveCore\OrcCaveCore.csproj", "{C3134E22-DAE2-47AD-B27A-CA6D245EE503}"
EndProject
Global
	GlobalSection(SolutionConfigurationPlatforms) = preSolution
		Debug|Any CPU = Debug|Any CPU
		Release|Any CPU = Release|Any CPU
	EndGlobalSection
	GlobalSection(ProjectConfigurationPlatforms) = postSolution
		{739B6C98-722F-4158-A8AA-85C15FA70EB8}.Debug|Any CPU.ActiveCfg = Debug|Any CPU
		{739B6C98-722F-4158-A8AA-85C15FA70EB8}.Debug|Any CPU.Build.0 = Debug|Any CPU
		{739B6C98-722F-4158-A8AA-85C15FA70EB8}.Release|Any CPU.ActiveCfg = Release|Any CPU
		{739B6C98-722F-4158-A8AA-85C15FA70EB8}.Release|Any CPU.Build.0 = Release|Any CPU
		{C3134E22-DAE2-47AD-B27A-CA6D245EE503}.Debug|Any CPU.ActiveCfg = Debug|Any CPU
		{C3134E22-DAE2-47AD-B27A-CA6D245EE503}.Debug|Any CPU.Build.0 = Debug|Any CPU
		{C3134E22-DAE2-47AD-B27A-CA6D245EE503}.Release|Any CPU.ActiveCfg = Release|Any CPU
		{C3134E22-DAE2-47AD-B27A-CA6D245EE503}.Release|Any CPU.Build.0 = Release|Any CPU
	EndGlobalSection
	GlobalSection(SolutionProperties) = preSolution
		HideSolutionNode = FALSE
	EndGlobalSection
	GlobalSection(ExtensibilityGlobals) = postSolution
		SolutionGuid = {097B5C05-A002-4C11-8288-C494BFC19A8A}
	EndGlobalSection
EndGlobal
